
Microsoft Visual Studio Solution File, Format Version 12.00
# Visual Studio Version 17
VisualStudioVersion = 17.10.34916.146
MinimumVisualStudioVersion = 10.0.40219.1
Project("{FAE04EC0-301F-11D3-BF4B-00C04F79EFBC}") = "Labb3Vidareutveckla", "Labb3Vidareutveckla\Labb3Vidareutveckla.csproj", "{81D9FC6D-B1EE-43E1-9632-4320613DCAFC}"
EndProject
Global
	GlobalSection(SolutionConfigurationPlatforms) = preSolution
		Debug|Any CPU = Debug|Any CPU
		Release|Any CPU = Release|Any CPU
	EndGlobalSection
	GlobalSection(ProjectConfigurationPlatforms) = postSolution
		{81D9FC6D-B1EE-43E1-9632-4320613DCAFC}.Debug|Any CPU.ActiveCfg = Debug|Any CPU
		{81D9FC6D-B1EE-43E1-9632-4320613DCAFC}.Debug|Any CPU.Build.0 = Debug|Any CPU
		{81D9FC6D-B1EE-43E1-9632-4320613DCAFC}.Release|Any CPU.ActiveCfg = Release|Any CPU
		{81D9FC6D-B1EE-43E1-9632-4320613DCAFC}.Release|Any CPU.Build.0 = Release|Any CPU
	EndGlobalSection
	GlobalSection(SolutionProperties) = preSolution
		HideSolutionNode = FALSE
	EndGlobalSection
	GlobalSection(ExtensibilityGlobals) = postSolution
		SolutionGuid = {3798FB56-9F31-43BF-9E28-1F68605D3B59}
	EndGlobalSection
EndGlobal
